
Microsoft Visual Studio Solution File, Format Version 12.00
# Visual Studio 15
VisualStudioVersion = 15.0.27004.2005
MinimumVisualStudioVersion = 10.0.40219.1
Project("{FAE04EC0-301F-11D3-BF4B-00C04F79EFBC}") = "Mathias_Loenborg_Friis_201505665", "Mathias_Loenborg_Friis_201505665\Mathias_Loenborg_Friis_201505665.csproj", "{EA2E7B44-DC18-4E21-9BAF-C761E501551B}"
EndProject
Global
	GlobalSection(SolutionConfigurationPlatforms) = preSolution
		Debug|Any CPU = Debug|Any CPU
		Release|Any CPU = Release|Any CPU
	EndGlobalSection
	GlobalSection(ProjectConfigurationPlatforms) = postSolution
		{EA2E7B44-DC18-4E21-9BAF-C761E501551B}.Debug|Any CPU.ActiveCfg = Debug|Any CPU
		{EA2E7B44-DC18-4E21-9BAF-C761E501551B}.Debug|Any CPU.Build.0 = Debug|Any CPU
		{EA2E7B44-DC18-4E21-9BAF-C761E501551B}.Release|Any CPU.ActiveCfg = Release|Any CPU
		{EA2E7B44-DC18-4E21-9BAF-C761E501551B}.Release|Any CPU.Build.0 = Release|Any CPU
	EndGlobalSection
	GlobalSection(SolutionProperties) = preSolution
		HideSolutionNode = FALSE
	EndGlobalSection
	GlobalSection(ExtensibilityGlobals) = postSolution
		SolutionGuid = {67F20AB9-A45F-43B2-AE8F-B1B319645B3E}
	EndGlobalSection
EndGlobal
