
Microsoft Visual Studio Solution File, Format Version 12.00
# Visual Studio 15
VisualStudioVersion = 15.0.27004.2005
MinimumVisualStudioVersion = 10.0.40219.1
Project("{FAE04EC0-301F-11D3-BF4B-00C04F79EFBC}") = "ASP_Web_test", "ASP_Web_test\ASP_Web_test.csproj", "{4AE56E88-C2F8-414A-8558-58B2FAB4A948}"
EndProject
Global
	GlobalSection(SolutionConfigurationPlatforms) = preSolution
		Debug|Any CPU = Debug|Any CPU
		Release|Any CPU = Release|Any CPU
	EndGlobalSection
	GlobalSection(ProjectConfigurationPlatforms) = postSolution
		{4AE56E88-C2F8-414A-8558-58B2FAB4A948}.Debug|Any CPU.ActiveCfg = Debug|Any CPU
		{4AE56E88-C2F8-414A-8558-58B2FAB4A948}.Debug|Any CPU.Build.0 = Debug|Any CPU
		{4AE56E88-C2F8-414A-8558-58B2FAB4A948}.Release|Any CPU.ActiveCfg = Release|Any CPU
		{4AE56E88-C2F8-414A-8558-58B2FAB4A948}.Release|Any CPU.Build.0 = Release|Any CPU
	EndGlobalSection
	GlobalSection(SolutionProperties) = preSolution
		HideSolutionNode = FALSE
	EndGlobalSection
	GlobalSection(ExtensibilityGlobals) = postSolution
		SolutionGuid = {5E7C8947-8541-409B-8CC7-2F99834748DD}
	EndGlobalSection
EndGlobal
